
Microsoft Visual Studio Solution File, Format Version 12.00
# Visual Studio Version 16
VisualStudioVersion = 16.0.30517.126
MinimumVisualStudioVersion = 10.0.40219.1
Project("{FAE04EC0-301F-11D3-BF4B-00C04F79EFBC}") = "LispMachine", "lisp-machine\LispMachine.csproj", "{2497023F-EBFD-4CDE-BB7B-A084ADF1A53B}"
EndProject
Project("{FAE04EC0-301F-11D3-BF4B-00C04F79EFBC}") = "lisp-tests", "lisp-tests\lisp-tests.csproj", "{24B27F2F-784B-4162-B841-E5ADCACC9DA3}"
EndProject
Global
	GlobalSection(SolutionProperties) = preSolution
		HideSolutionNode = FALSE
	EndGlobalSection
	GlobalSection(ExtensibilityGlobals) = postSolution
		SolutionGuid = {E29EBE9D-1E63-4A46-B72D-ADA06E0CB4DB}
	EndGlobalSection
	GlobalSection(SolutionConfigurationPlatforms) = preSolution
		Debug|Any CPU = Debug|Any CPU
		Debug|x64 = Debug|x64
		Debug|x86 = Debug|x86
		Release|Any CPU = Release|Any CPU
		Release|x64 = Release|x64
		Release|x86 = Release|x86
	EndGlobalSection
	GlobalSection(ProjectConfigurationPlatforms) = postSolution
		{2497023F-EBFD-4CDE-BB7B-A084ADF1A53B}.Debug|Any CPU.ActiveCfg = Debug|Any CPU
		{2497023F-EBFD-4CDE-BB7B-A084ADF1A53B}.Debug|Any CPU.Build.0 = Debug|Any CPU
		{2497023F-EBFD-4CDE-BB7B-A084ADF1A53B}.Debug|x64.ActiveCfg = Debug|Any CPU
		{2497023F-EBFD-4CDE-BB7B-A084ADF1A53B}.Debug|x64.Build.0 = Debug|Any CPU
		{2497023F-EBFD-4CDE-BB7B-A084ADF1A53B}.Debug|x86.ActiveCfg = Debug|Any CPU
		{2497023F-EBFD-4CDE-BB7B-A084ADF1A53B}.Debug|x86.Build.0 = Debug|Any CPU
		{2497023F-EBFD-4CDE-BB7B-A084ADF1A53B}.Release|Any CPU.ActiveCfg = Release|Any CPU
		{2497023F-EBFD-4CDE-BB7B-A084ADF1A53B}.Release|Any CPU.Build.0 = Release|Any CPU
		{2497023F-EBFD-4CDE-BB7B-A084ADF1A53B}.Release|x64.ActiveCfg = Release|Any CPU
		{2497023F-EBFD-4CDE-BB7B-A084ADF1A53B}.Release|x64.Build.0 = Release|Any CPU
		{2497023F-EBFD-4CDE-BB7B-A084ADF1A53B}.Release|x86.ActiveCfg = Release|Any CPU
		{2497023F-EBFD-4CDE-BB7B-A084ADF1A53B}.Release|x86.Build.0 = Release|Any CPU
		{24B27F2F-784B-4162-B841-E5ADCACC9DA3}.Debug|Any CPU.ActiveCfg = Debug|Any CPU
		{24B27F2F-784B-4162-B841-E5ADCACC9DA3}.Debug|Any CPU.Build.0 = Debug|Any CPU
		{24B27F2F-784B-4162-B841-E5ADCACC9DA3}.Debug|x64.ActiveCfg = Debug|Any CPU
		{24B27F2F-784B-4162-B841-E5ADCACC9DA3}.Debug|x64.Build.0 = Debug|Any CPU
		{24B27F2F-784B-4162-B841-E5ADCACC9DA3}.Debug|x86.ActiveCfg = Debug|Any CPU
		{24B27F2F-784B-4162-B841-E5ADCACC9DA3}.Debug|x86.Build.0 = Debug|Any CPU
		{24B27F2F-784B-4162-B841-E5ADCACC9DA3}.Release|Any CPU.ActiveCfg = Release|Any CPU
		{24B27F2F-784B-4162-B841-E5ADCACC9DA3}.Release|Any CPU.Build.0 = Release|Any CPU
		{24B27F2F-784B-4162-B841-E5ADCACC9DA3}.Release|x64.ActiveCfg = Release|Any CPU
		{24B27F2F-784B-4162-B841-E5ADCACC9DA3}.Release|x64.Build.0 = Release|Any CPU
		{24B27F2F-784B-4162-B841-E5ADCACC9DA3}.Release|x86.ActiveCfg = Release|Any CPU
		{24B27F2F-784B-4162-B841-E5ADCACC9DA3}.Release|x86.Build.0 = Release|Any CPU
	EndGlobalSection
EndGlobal
